// !$*UTF8*$!
{
	archiveVersion = 1;
	classes = {
	};
	objectVersion = 52;
	objects = {

/* Begin PBXBuildFile section */
		2B4ADA1D29E6590100812913 /* libfmodL_iphoneos.a in Frameworks */ = {isa = PBXBuildFile; fileRef = 2BA197FB29E583F00022D9C8 /* libfmodL_iphoneos.a */; };
		2B4ADA3229E66F8900812913 /* AVFoundation.framework in Frameworks */ = {isa = PBXBuildFile; fileRef = F326F8A621AEF04900B60098 /* AVFoundation.framework */; };
		2B4ADA3329E66F8F00812913 /* AudioToolbox.framework in Frameworks */ = {isa = PBXBuildFile; fileRef = F326F8A821AEF05200B60098 /* AudioToolbox.framework */; };
		2B4ADA3429E66F9300812913 /* UIKit.framework in Frameworks */ = {isa = PBXBuildFile; fileRef = F326F8AA21AEF05A00B60098 /* UIKit.framework */; };
		2B4ADA3529E66FFB00812913 /* FModAPI.framework in Frameworks */ = {isa = PBXBuildFile; fileRef = F326F85321AEEEC200B60098 /* FModAPI.framework */; };
		2B4ADA3629E66FFB00812913 /* FModAPI.framework in Embed Frameworks */ = {isa = PBXBuildFile; fileRef = F326F85321AEEEC200B60098 /* FModAPI.framework */; settings = {ATTRIBUTES = (CodeSignOnCopy, RemoveHeadersOnCopy, ); }; };
		2B4ADA3A29E6703200812913 /* FModMusicListViewController.swift in Sources */ = {isa = PBXBuildFile; fileRef = F326F8B521AEF15900B60098 /* FModMusicListViewController.swift */; };
		2BA197FC29E583F00022D9C8 /* fmod_output.h in Headers */ = {isa = PBXBuildFile; fileRef = 2BA197F029E583F00022D9C8 /* fmod_output.h */; };
		2BA197FE29E583F00022D9C8 /* fmod_dsp.h in Headers */ = {isa = PBXBuildFile; fileRef = 2BA197F129E583F00022D9C8 /* fmod_dsp.h */; };
		2BA1980029E583F00022D9C8 /* fmod_errors.h in Headers */ = {isa = PBXBuildFile; fileRef = 2BA197F229E583F00022D9C8 /* fmod_errors.h */; };
		2BA1980229E583F00022D9C8 /* fmod.h in Headers */ = {isa = PBXBuildFile; fileRef = 2BA197F329E583F00022D9C8 /* fmod.h */; };
		2BA1980429E583F00022D9C8 /* fmod_codec.h in Headers */ = {isa = PBXBuildFile; fileRef = 2BA197F429E583F00022D9C8 /* fmod_codec.h */; };
		2BA1980629E583F00022D9C8 /* fmod.hpp in Headers */ = {isa = PBXBuildFile; fileRef = 2BA197F529E583F00022D9C8 /* fmod.hpp */; };
		2BA1980829E583F00022D9C8 /* fmod_ios.h in Headers */ = {isa = PBXBuildFile; fileRef = 2BA197F629E583F00022D9C8 /* fmod_ios.h */; };
		2BA1980A29E583F00022D9C8 /* fmod_common.h in Headers */ = {isa = PBXBuildFile; fileRef = 2BA197F729E583F00022D9C8 /* fmod_common.h */; };
		2BA1980C29E583F00022D9C8 /* fmod_dsp_effects.h in Headers */ = {isa = PBXBuildFile; fileRef = 2BA197F829E583F00022D9C8 /* fmod_dsp_effects.h */; };
		F326F86421AEEEC200B60098 /* FModAPI.h in Headers */ = {isa = PBXBuildFile; fileRef = F326F85621AEEEC200B60098 /* FModAPI.h */; settings = {ATTRIBUTES = (Public, ); }; };
		F326F8B421AEF15900B60098 /* AppDelegate.swift in Sources */ = {isa = PBXBuildFile; fileRef = F326F8B321AEF15900B60098 /* AppDelegate.swift */; };
		F326F8B921AEF15900B60098 /* Main.storyboard in Resources */ = {isa = PBXBuildFile; fileRef = F326F8B721AEF15900B60098 /* Main.storyboard */; };
		F326F8BB21AEF15A00B60098 /* Assets.xcassets in Resources */ = {isa = PBXBuildFile; fileRef = F326F8BA21AEF15A00B60098 /* Assets.xcassets */; };
		F326F8BE21AEF15A00B60098 /* LaunchScreen.storyboard in Resources */ = {isa = PBXBuildFile; fileRef = F326F8BC21AEF15A00B60098 /* LaunchScreen.storyboard */; };
		F33C382E26908D27008E6FC4 /* FModMusicCell.swift in Sources */ = {isa = PBXBuildFile; fileRef = F33C382D26908D27008E6FC4 /* FModMusicCell.swift */; };
		F35D5BD629E5C9D600906A94 /* common.mm in Sources */ = {isa = PBXBuildFile; fileRef = F35D5BD029E5C9D600906A94 /* common.mm */; };
		F35D5BD729E5C9D600906A94 /* common_platform.h in Headers */ = {isa = PBXBuildFile; fileRef = F35D5BD129E5C9D600906A94 /* common_platform.h */; };
		F35D5BD829E5C9D600906A94 /* common.h in Headers */ = {isa = PBXBuildFile; fileRef = F35D5BD229E5C9D600906A94 /* common.h */; };
		F35D5BD929E5C9D600906A94 /* common_platform.mm in Sources */ = {isa = PBXBuildFile; fileRef = F35D5BD329E5C9D600906A94 /* common_platform.mm */; };
		F35D5BDA29E5C9D600906A94 /* FModCapsule.mm in Sources */ = {isa = PBXBuildFile; fileRef = F35D5BD429E5C9D600906A94 /* FModCapsule.mm */; };
		F35D5BDB29E5C9D600906A94 /* FModCapsule.h in Headers */ = {isa = PBXBuildFile; fileRef = F35D5BD529E5C9D600906A94 /* FModCapsule.h */; settings = {ATTRIBUTES = (Public, ); }; };
		F35D5BF229E5CDB800906A94 /* SnapKit in Frameworks */ = {isa = PBXBuildFile; productRef = F35D5BF129E5CDB800906A94 /* SnapKit */; };
		F3680AE5269014F70012F2CF /* FModMusicStore.swift in Sources */ = {isa = PBXBuildFile; fileRef = F3680AE4269014F70012F2CF /* FModMusicStore.swift */; };
		F389BBDA21B05451002F8EAF /* FMOD_White.png in Resources */ = {isa = PBXBuildFile; fileRef = F389BBD821B05451002F8EAF /* FMOD_White.png */; };
		F389BBDB21B05451002F8EAF /* FMOD_Black.png in Resources */ = {isa = PBXBuildFile; fileRef = F389BBD921B05451002F8EAF /* FMOD_Black.png */; };
		F389BBDC21B0552E002F8EAF /* test.xm in Resources */ = {isa = PBXBuildFile; fileRef = F326F8AC21AEF13600B60098 /* test.xm */; };
/* End PBXBuildFile section */

/* Begin PBXContainerItemProxy section */
		2B4ADA3729E66FFC00812913 /* PBXContainerItemProxy */ = {
			isa = PBXContainerItemProxy;
			containerPortal = F326F84A21AEEEC200B60098 /* Project object */;
			proxyType = 1;
			remoteGlobalIDString = F326F85221AEEEC200B60098;
			remoteInfo = FModAPI;
		};
/* End PBXContainerItemProxy section */

/* Begin PBXCopyFilesBuildPhase section */
		2B4ADA3929E66FFC00812913 /* Embed Frameworks */ = {
			isa = PBXCopyFilesBuildPhase;
			buildActionMask = 2147483647;
			dstPath = "";
			dstSubfolderSpec = 10;
			files = (
				2B4ADA3629E66FFB00812913 /* FModAPI.framework in Embed Frameworks */,
			);
			name = "Embed Frameworks";
			runOnlyForDeploymentPostprocessing = 0;
		};
/* End PBXCopyFilesBuildPhase section */

/* Begin PBXFileReference section */
		2BA197F029E583F00022D9C8 /* fmod_output.h */ = {isa = PBXFileReference; fileEncoding = 4; lastKnownFileType = sourcecode.c.h; path = fmod_output.h; sourceTree = "<group>"; };
		2BA197F129E583F00022D9C8 /* fmod_dsp.h */ = {isa = PBXFileReference; fileEncoding = 4; lastKnownFileType = sourcecode.c.h; path = fmod_dsp.h; sourceTree = "<group>"; };
		2BA197F229E583F00022D9C8 /* fmod_errors.h */ = {isa = PBXFileReference; fileEncoding = 4; lastKnownFileType = sourcecode.c.h; path = fmod_errors.h; sourceTree = "<group>"; };
		2BA197F329E583F00022D9C8 /* fmod.h */ = {isa = PBXFileReference; fileEncoding = 4; lastKnownFileType = sourcecode.c.h; path = fmod.h; sourceTree = "<group>"; };
		2BA197F429E583F00022D9C8 /* fmod_codec.h */ = {isa = PBXFileReference; fileEncoding = 4; lastKnownFileType = sourcecode.c.h; path = fmod_codec.h; sourceTree = "<group>"; };
		2BA197F529E583F00022D9C8 /* fmod.hpp */ = {isa = PBXFileReference; fileEncoding = 4; lastKnownFileType = sourcecode.cpp.h; path = fmod.hpp; sourceTree = "<group>"; };
		2BA197F629E583F00022D9C8 /* fmod_ios.h */ = {isa = PBXFileReference; fileEncoding = 4; lastKnownFileType = sourcecode.c.h; path = fmod_ios.h; sourceTree = "<group>"; };
		2BA197F729E583F00022D9C8 /* fmod_common.h */ = {isa = PBXFileReference; fileEncoding = 4; lastKnownFileType = sourcecode.c.h; path = fmod_common.h; sourceTree = "<group>"; };
		2BA197F829E583F00022D9C8 /* fmod_dsp_effects.h */ = {isa = PBXFileReference; fileEncoding = 4; lastKnownFileType = sourcecode.c.h; path = fmod_dsp_effects.h; sourceTree = "<group>"; };
		2BA197FA29E583F00022D9C8 /* libfmodL_iphonesimulator.a */ = {isa = PBXFileReference; lastKnownFileType = archive.ar; path = libfmodL_iphonesimulator.a; sourceTree = "<group>"; };
		2BA197FB29E583F00022D9C8 /* libfmodL_iphoneos.a */ = {isa = PBXFileReference; lastKnownFileType = archive.ar; path = libfmodL_iphoneos.a; sourceTree = "<group>"; };
		F326F85321AEEEC200B60098 /* FModAPI.framework */ = {isa = PBXFileReference; explicitFileType = wrapper.framework; includeInIndex = 0; path = FModAPI.framework; sourceTree = BUILT_PRODUCTS_DIR; };
		F326F85621AEEEC200B60098 /* FModAPI.h */ = {isa = PBXFileReference; lastKnownFileType = sourcecode.c.h; path = FModAPI.h; sourceTree = "<group>"; };
		F326F85721AEEEC200B60098 /* Info.plist */ = {isa = PBXFileReference; lastKnownFileType = text.plist.xml; path = Info.plist; sourceTree = "<group>"; };
		F326F8A421AEF04200B60098 /* AVKit.framework */ = {isa = PBXFileReference; lastKnownFileType = wrapper.framework; name = AVKit.framework; path = System/Library/Frameworks/AVKit.framework; sourceTree = SDKROOT; };
		F326F8A621AEF04900B60098 /* AVFoundation.framework */ = {isa = PBXFileReference; lastKnownFileType = wrapper.framework; name = AVFoundation.framework; path = System/Library/Frameworks/AVFoundation.framework; sourceTree = SDKROOT; };
		F326F8A821AEF05200B60098 /* AudioToolbox.framework */ = {isa = PBXFileReference; lastKnownFileType = wrapper.framework; name = AudioToolbox.framework; path = System/Library/Frameworks/AudioToolbox.framework; sourceTree = SDKROOT; };
		F326F8AA21AEF05A00B60098 /* UIKit.framework */ = {isa = PBXFileReference; lastKnownFileType = wrapper.framework; name = UIKit.framework; path = System/Library/Frameworks/UIKit.framework; sourceTree = SDKROOT; };
		F326F8AC21AEF13600B60098 /* test.xm */ = {isa = PBXFileReference; lastKnownFileType = file; path = test.xm; sourceTree = "<group>"; };
		F326F8B121AEF15900B60098 /* FModDemo.app */ = {isa = PBXFileReference; explicitFileType = wrapper.application; includeInIndex = 0; path = FModDemo.app; sourceTree = BUILT_PRODUCTS_DIR; };
		F326F8B321AEF15900B60098 /* AppDelegate.swift */ = {isa = PBXFileReference; lastKnownFileType = sourcecode.swift; path = AppDelegate.swift; sourceTree = "<group>"; };
		F326F8B521AEF15900B60098 /* FModMusicListViewController.swift */ = {isa = PBXFileReference; lastKnownFileType = sourcecode.swift; path = FModMusicListViewController.swift; sourceTree = "<group>"; };
		F326F8B821AEF15900B60098 /* Base */ = {isa = PBXFileReference; lastKnownFileType = file.storyboard; name = Base; path = Base.lproj/Main.storyboard; sourceTree = "<group>"; };
		F326F8BA21AEF15A00B60098 /* Assets.xcassets */ = {isa = PBXFileReference; lastKnownFileType = folder.assetcatalog; path = Assets.xcassets; sourceTree = "<group>"; };
		F326F8BD21AEF15A00B60098 /* Base */ = {isa = PBXFileReference; lastKnownFileType = file.storyboard; name = Base; path = Base.lproj/LaunchScreen.storyboard; sourceTree = "<group>"; };
		F326F8BF21AEF15A00B60098 /* Info.plist */ = {isa = PBXFileReference; lastKnownFileType = text.plist.xml; path = Info.plist; sourceTree = "<group>"; };
		F33C382D26908D27008E6FC4 /* FModMusicCell.swift */ = {isa = PBXFileReference; lastKnownFileType = sourcecode.swift; path = FModMusicCell.swift; sourceTree = "<group>"; };
		F35D5BB629E5C4DE00906A94 /* AVFAudio.framework */ = {isa = PBXFileReference; lastKnownFileType = wrapper.framework; name = AVFAudio.framework; path = System/Library/Frameworks/AVFAudio.framework; sourceTree = SDKROOT; };
		F35D5BD029E5C9D600906A94 /* common.mm */ = {isa = PBXFileReference; fileEncoding = 4; lastKnownFileType = sourcecode.cpp.objcpp; path = common.mm; sourceTree = "<group>"; };
		F35D5BD129E5C9D600906A94 /* common_platform.h */ = {isa = PBXFileReference; fileEncoding = 4; lastKnownFileType = sourcecode.c.h; path = common_platform.h; sourceTree = "<group>"; };
		F35D5BD229E5C9D600906A94 /* common.h */ = {isa = PBXFileReference; fileEncoding = 4; lastKnownFileType = sourcecode.c.h; path = common.h; sourceTree = "<group>"; };
		F35D5BD329E5C9D600906A94 /* common_platform.mm */ = {isa = PBXFileReference; fileEncoding = 4; lastKnownFileType = sourcecode.cpp.objcpp; path = common_platform.mm; sourceTree = "<group>"; };
		F35D5BD429E5C9D600906A94 /* FModCapsule.mm */ = {isa = PBXFileReference; fileEncoding = 4; lastKnownFileType = sourcecode.cpp.objcpp; path = FModCapsule.mm; sourceTree = "<group>"; };
		F35D5BD529E5C9D600906A94 /* FModCapsule.h */ = {isa = PBXFileReference; fileEncoding = 4; lastKnownFileType = sourcecode.c.h; path = FModCapsule.h; sourceTree = "<group>"; };
		F35D5BF329E5CEE100906A94 /* libc++.tbd */ = {isa = PBXFileReference; lastKnownFileType = "sourcecode.text-based-dylib-definition"; name = "libc++.tbd"; path = "usr/lib/libc++.tbd"; sourceTree = SDKROOT; };
		F3680AE4269014F70012F2CF /* FModMusicStore.swift */ = {isa = PBXFileReference; lastKnownFileType = sourcecode.swift; path = FModMusicStore.swift; sourceTree = "<group>"; };
		F389BBD821B05451002F8EAF /* FMOD_White.png */ = {isa = PBXFileReference; lastKnownFileType = image.png; path = FMOD_White.png; sourceTree = "<group>"; };
		F389BBD921B05451002F8EAF /* FMOD_Black.png */ = {isa = PBXFileReference; lastKnownFileType = image.png; path = FMOD_Black.png; sourceTree = "<group>"; };
/* End PBXFileReference section */

/* Begin PBXFrameworksBuildPhase section */
		F326F85021AEEEC200B60098 /* Frameworks */ = {
			isa = PBXFrameworksBuildPhase;
			buildActionMask = 2147483647;
			files = (
				2B4ADA3229E66F8900812913 /* AVFoundation.framework in Frameworks */,
				2B4ADA3429E66F9300812913 /* UIKit.framework in Frameworks */,
				2B4ADA1D29E6590100812913 /* libfmodL_iphoneos.a in Frameworks */,
				2B4ADA3329E66F8F00812913 /* AudioToolbox.framework in Frameworks */,
			);
			runOnlyForDeploymentPostprocessing = 0;
		};
		F326F8AE21AEF15900B60098 /* Frameworks */ = {
			isa = PBXFrameworksBuildPhase;
			buildActionMask = 2147483647;
			files = (
				F35D5BF229E5CDB800906A94 /* SnapKit in Frameworks */,
				2B4ADA3529E66FFB00812913 /* FModAPI.framework in Frameworks */,
			);
			runOnlyForDeploymentPostprocessing = 0;
		};
/* End PBXFrameworksBuildPhase section */

/* Begin PBXGroup section */
		2BA197EE29E583F00022D9C8 /* iOSAPI */ = {
			isa = PBXGroup;
			children = (
				2BA197EF29E583F00022D9C8 /* inc */,
				2BA197F929E583F00022D9C8 /* lib */,
			);
			path = iOSAPI;
			sourceTree = "<group>";
		};
		2BA197EF29E583F00022D9C8 /* inc */ = {
			isa = PBXGroup;
			children = (
				2BA197F029E583F00022D9C8 /* fmod_output.h */,
				2BA197F129E583F00022D9C8 /* fmod_dsp.h */,
				2BA197F229E583F00022D9C8 /* fmod_errors.h */,
				2BA197F329E583F00022D9C8 /* fmod.h */,
				2BA197F429E583F00022D9C8 /* fmod_codec.h */,
				2BA197F529E583F00022D9C8 /* fmod.hpp */,
				2BA197F629E583F00022D9C8 /* fmod_ios.h */,
				2BA197F729E583F00022D9C8 /* fmod_common.h */,
				2BA197F829E583F00022D9C8 /* fmod_dsp_effects.h */,
			);
			path = inc;
			sourceTree = "<group>";
		};
		2BA197F929E583F00022D9C8 /* lib */ = {
			isa = PBXGroup;
			children = (
				2BA197FA29E583F00022D9C8 /* libfmodL_iphonesimulator.a */,
				2BA197FB29E583F00022D9C8 /* libfmodL_iphoneos.a */,
			);
			path = lib;
			sourceTree = "<group>";
		};
		F326F84921AEEEC200B60098 = {
			isa = PBXGroup;
			children = (
				F326F85521AEEEC200B60098 /* FModAPI */,
				F326F8B221AEF15900B60098 /* FModDemo */,
				F326F85421AEEEC200B60098 /* Products */,
				F326F8A321AEF04100B60098 /* Frameworks */,
			);
			sourceTree = "<group>";
		};
		F326F85421AEEEC200B60098 /* Products */ = {
			isa = PBXGroup;
			children = (
				F326F85321AEEEC200B60098 /* FModAPI.framework */,
				F326F8B121AEF15900B60098 /* FModDemo.app */,
			);
			name = Products;
			sourceTree = "<group>";
		};
		F326F85521AEEEC200B60098 /* FModAPI */ = {
			isa = PBXGroup;
			children = (
				F35D5BCE29E5C9D600906A94 /* FModCapsule */,
				2BA197EE29E583F00022D9C8 /* iOSAPI */,
				F326F8D721AEFA2B00B60098 /* Resources */,
				F326F85621AEEEC200B60098 /* FModAPI.h */,
				F326F85721AEEEC200B60098 /* Info.plist */,
			);
			path = FModAPI;
			sourceTree = "<group>";
		};
		F326F8A321AEF04100B60098 /* Frameworks */ = {
			isa = PBXGroup;
			children = (
				F35D5BF329E5CEE100906A94 /* libc++.tbd */,
				F35D5BB629E5C4DE00906A94 /* AVFAudio.framework */,
				F326F8AA21AEF05A00B60098 /* UIKit.framework */,
				F326F8A821AEF05200B60098 /* AudioToolbox.framework */,
				F326F8A621AEF04900B60098 /* AVFoundation.framework */,
				F326F8A421AEF04200B60098 /* AVKit.framework */,
			);
			name = Frameworks;
			sourceTree = "<group>";
		};
		F326F8B221AEF15900B60098 /* FModDemo */ = {
			isa = PBXGroup;
			children = (
				F326F8B321AEF15900B60098 /* AppDelegate.swift */,
				F33C382D26908D27008E6FC4 /* FModMusicCell.swift */,
				F326F8B521AEF15900B60098 /* FModMusicListViewController.swift */,
				F3680AE4269014F70012F2CF /* FModMusicStore.swift */,
				F326F8B721AEF15900B60098 /* Main.storyboard */,
				F326F8BA21AEF15A00B60098 /* Assets.xcassets */,
				F326F8BC21AEF15A00B60098 /* LaunchScreen.storyboard */,
				F326F8BF21AEF15A00B60098 /* Info.plist */,
			);
			path = FModDemo;
			sourceTree = "<group>";
		};
		F326F8D721AEFA2B00B60098 /* Resources */ = {
			isa = PBXGroup;
			children = (
				F389BBD921B05451002F8EAF /* FMOD_Black.png */,
				F389BBD821B05451002F8EAF /* FMOD_White.png */,
				F326F8AC21AEF13600B60098 /* test.xm */,
			);
			path = Resources;
			sourceTree = "<group>";
		};
		F35D5BCE29E5C9D600906A94 /* FModCapsule */ = {
			isa = PBXGroup;
			children = (
				F35D5BCF29E5C9D600906A94 /* Common */,
				F35D5BD429E5C9D600906A94 /* FModCapsule.mm */,
				F35D5BD529E5C9D600906A94 /* FModCapsule.h */,
			);
			path = FModCapsule;
			sourceTree = "<group>";
		};
		F35D5BCF29E5C9D600906A94 /* Common */ = {
			isa = PBXGroup;
			children = (
				F35D5BD029E5C9D600906A94 /* common.mm */,
				F35D5BD129E5C9D600906A94 /* common_platform.h */,
				F35D5BD229E5C9D600906A94 /* common.h */,
				F35D5BD329E5C9D600906A94 /* common_platform.mm */,
			);
			path = Common;
			sourceTree = "<group>";
		};
/* End PBXGroup section */

/* Begin PBXHeadersBuildPhase section */
		F326F84E21AEEEC200B60098 /* Headers */ = {
			isa = PBXHeadersBuildPhase;
			buildActionMask = 2147483647;
			files = (
				F326F86421AEEEC200B60098 /* FModAPI.h in Headers */,
				F35D5BDB29E5C9D600906A94 /* FModCapsule.h in Headers */,
				2BA1980829E583F00022D9C8 /* fmod_ios.h in Headers */,
				2BA1980C29E583F00022D9C8 /* fmod_dsp_effects.h in Headers */,
				2BA1980229E583F00022D9C8 /* fmod.h in Headers */,
				2BA1980029E583F00022D9C8 /* fmod_errors.h in Headers */,
				2BA1980429E583F00022D9C8 /* fmod_codec.h in Headers */,
				2BA1980A29E583F00022D9C8 /* fmod_common.h in Headers */,
				F35D5BD829E5C9D600906A94 /* common.h in Headers */,
				F35D5BD729E5C9D600906A94 /* common_platform.h in Headers */,
				2BA197FE29E583F00022D9C8 /* fmod_dsp.h in Headers */,
				2BA1980629E583F00022D9C8 /* fmod.hpp in Headers */,
				2BA197FC29E583F00022D9C8 /* fmod_output.h in Headers */,
			);
			runOnlyForDeploymentPostprocessing = 0;
		};
/* End PBXHeadersBuildPhase section */

/* Begin PBXNativeTarget section */
		F326F85221AEEEC200B60098 /* FModAPI */ = {
			isa = PBXNativeTarget;
			buildConfigurationList = F326F86721AEEEC200B60098 /* Build configuration list for PBXNativeTarget "FModAPI" */;
			buildPhases = (
				F326F84E21AEEEC200B60098 /* Headers */,
				F326F84F21AEEEC200B60098 /* Sources */,
				F326F85021AEEEC200B60098 /* Frameworks */,
				F326F85121AEEEC200B60098 /* Resources */,
			);
			buildRules = (
			);
			dependencies = (
			);
			name = FModAPI;
			packageProductDependencies = (
			);
			productName = OrzFMod;
			productReference = F326F85321AEEEC200B60098 /* FModAPI.framework */;
			productType = "com.apple.product-type.framework";
		};
		F326F8B021AEF15900B60098 /* FModDemo */ = {
			isa = PBXNativeTarget;
			buildConfigurationList = F326F8CB21AEF15A00B60098 /* Build configuration list for PBXNativeTarget "FModDemo" */;
			buildPhases = (
				F326F8AD21AEF15900B60098 /* Sources */,
				F326F8AE21AEF15900B60098 /* Frameworks */,
				F326F8AF21AEF15900B60098 /* Resources */,
				2B4ADA3929E66FFC00812913 /* Embed Frameworks */,
			);
			buildRules = (
			);
			dependencies = (
				2B4ADA3829E66FFC00812913 /* PBXTargetDependency */,
			);
			name = FModDemo;
			packageProductDependencies = (
				F35D5BF129E5CDB800906A94 /* SnapKit */,
			);
			productName = FModDemo;
			productReference = F326F8B121AEF15900B60098 /* FModDemo.app */;
			productType = "com.apple.product-type.application";
		};
/* End PBXNativeTarget section */

/* Begin PBXProject section */
		F326F84A21AEEEC200B60098 /* Project object */ = {
			isa = PBXProject;
			attributes = {
				LastSwiftUpdateCheck = 1010;
				LastUpgradeCheck = 1420;
				ORGANIZATIONNAME = joker;
				TargetAttributes = {
					F326F85221AEEEC200B60098 = {
						CreatedOnToolsVersion = 10.1;
					};
					F326F8B021AEF15900B60098 = {
						CreatedOnToolsVersion = 10.1;
						LastSwiftMigration = 1420;
						SystemCapabilities = {
							com.apple.BackgroundModes = {
								enabled = 1;
							};
						};
					};
				};
			};
			buildConfigurationList = F326F84D21AEEEC200B60098 /* Build configuration list for PBXProject "OrzFMod" */;
			compatibilityVersion = "Xcode 9.3";
			developmentRegion = en;
			hasScannedForEncodings = 0;
			knownRegions = (
				en,
				Base,
			);
			mainGroup = F326F84921AEEEC200B60098;
			packageReferences = (
				F33C382F26908F0F008E6FC4 /* XCRemoteSwiftPackageReference "SnapKit" */,
			);
			productRefGroup = F326F85421AEEEC200B60098 /* Products */;
			projectDirPath = "";
			projectRoot = "";
			targets = (
				F326F8B021AEF15900B60098 /* FModDemo */,
				F326F85221AEEEC200B60098 /* FModAPI */,
			);
		};
/* End PBXProject section */

/* Begin PBXResourcesBuildPhase section */
		F326F85121AEEEC200B60098 /* Resources */ = {
			isa = PBXResourcesBuildPhase;
			buildActionMask = 2147483647;
			files = (
				F389BBDC21B0552E002F8EAF /* test.xm in Resources */,
				F389BBDA21B05451002F8EAF /* FMOD_White.png in Resources */,
				F389BBDB21B05451002F8EAF /* FMOD_Black.png in Resources */,
			);
			runOnlyForDeploymentPostprocessing = 0;
		};
		F326F8AF21AEF15900B60098 /* Resources */ = {
			isa = PBXResourcesBuildPhase;
			buildActionMask = 2147483647;
			files = (
				F326F8BE21AEF15A00B60098 /* LaunchScreen.storyboard in Resources */,
				F326F8BB21AEF15A00B60098 /* Assets.xcassets in Resources */,
				F326F8B921AEF15900B60098 /* Main.storyboard in Resources */,
			);
			runOnlyForDeploymentPostprocessing = 0;
		};
/* End PBXResourcesBuildPhase section */

/* Begin PBXSourcesBuildPhase section */
		F326F84F21AEEEC200B60098 /* Sources */ = {
			isa = PBXSourcesBuildPhase;
			buildActionMask = 2147483647;
			files = (
				F35D5BD629E5C9D600906A94 /* common.mm in Sources */,
				F35D5BD929E5C9D600906A94 /* common_platform.mm in Sources */,
				F35D5BDA29E5C9D600906A94 /* FModCapsule.mm in Sources */,
			);
			runOnlyForDeploymentPostprocessing = 0;
		};
		F326F8AD21AEF15900B60098 /* Sources */ = {
			isa = PBXSourcesBuildPhase;
			buildActionMask = 2147483647;
			files = (
				F33C382E26908D27008E6FC4 /* FModMusicCell.swift in Sources */,
				F3680AE5269014F70012F2CF /* FModMusicStore.swift in Sources */,
				2B4ADA3A29E6703200812913 /* FModMusicListViewController.swift in Sources */,
				F326F8B421AEF15900B60098 /* AppDelegate.swift in Sources */,
			);
			runOnlyForDeploymentPostprocessing = 0;
		};
/* End PBXSourcesBuildPhase section */

/* Begin PBXTargetDependency section */
		2B4ADA3829E66FFC00812913 /* PBXTargetDependency */ = {
			isa = PBXTargetDependency;
			target = F326F85221AEEEC200B60098 /* FModAPI */;
			targetProxy = 2B4ADA3729E66FFC00812913 /* PBXContainerItemProxy */;
		};
/* End PBXTargetDependency section */

/* Begin PBXVariantGroup section */
		F326F8B721AEF15900B60098 /* Main.storyboard */ = {
			isa = PBXVariantGroup;
			children = (
				F326F8B821AEF15900B60098 /* Base */,
			);
			name = Main.storyboard;
			sourceTree = "<group>";
		};
		F326F8BC21AEF15A00B60098 /* LaunchScreen.storyboard */ = {
			isa = PBXVariantGroup;
			children = (
				F326F8BD21AEF15A00B60098 /* Base */,
			);
			name = LaunchScreen.storyboard;
			sourceTree = "<group>";
		};
/* End PBXVariantGroup section */

/* Begin XCBuildConfiguration section */
		F326F86521AEEEC200B60098 /* Debug */ = {
			isa = XCBuildConfiguration;
			buildSettings = {
				ALWAYS_SEARCH_USER_PATHS = NO;
				CLANG_ANALYZER_NONNULL = YES;
				CLANG_ANALYZER_NUMBER_OBJECT_CONVERSION = YES_AGGRESSIVE;
				CLANG_CXX_LANGUAGE_STANDARD = "gnu++14";
				CLANG_ENABLE_MODULES = YES;
				CLANG_ENABLE_OBJC_ARC = YES;
				CLANG_ENABLE_OBJC_WEAK = YES;
				CLANG_WARN_BLOCK_CAPTURE_AUTORELEASING = YES;
				CLANG_WARN_BOOL_CONVERSION = YES;
				CLANG_WARN_COMMA = YES;
				CLANG_WARN_CONSTANT_CONVERSION = YES;
				CLANG_WARN_DEPRECATED_OBJC_IMPLEMENTATIONS = YES;
				CLANG_WARN_DIRECT_OBJC_ISA_USAGE = YES_ERROR;
				CLANG_WARN_DOCUMENTATION_COMMENTS = YES;
				CLANG_WARN_EMPTY_BODY = YES;
				CLANG_WARN_ENUM_CONVERSION = YES;
				CLANG_WARN_INFINITE_RECURSION = YES;
				CLANG_WARN_INT_CONVERSION = YES;
				CLANG_WARN_NON_LITERAL_NULL_CONVERSION = YES;
				CLANG_WARN_OBJC_IMPLICIT_RETAIN_SELF = YES;
				CLANG_WARN_OBJC_LITERAL_CONVERSION = YES;
				CLANG_WARN_OBJC_ROOT_CLASS = YES_ERROR;
				CLANG_WARN_QUOTED_INCLUDE_IN_FRAMEWORK_HEADER = YES;
				CLANG_WARN_RANGE_LOOP_ANALYSIS = YES;
				CLANG_WARN_STRICT_PROTOTYPES = YES;
				CLANG_WARN_SUSPICIOUS_MOVE = YES;
				CLANG_WARN_UNGUARDED_AVAILABILITY = YES_AGGRESSIVE;
				CLANG_WARN_UNREACHABLE_CODE = YES;
				CLANG_WARN__DUPLICATE_METHOD_MATCH = YES;
				CODE_SIGN_IDENTITY = "iPhone Developer";
				COPY_PHASE_STRIP = NO;
				CURRENT_PROJECT_VERSION = 1;
				DEBUG_INFORMATION_FORMAT = dwarf;
				ENABLE_STRICT_OBJC_MSGSEND = YES;
				ENABLE_TESTABILITY = YES;
				GCC_C_LANGUAGE_STANDARD = gnu11;
				GCC_DYNAMIC_NO_PIC = NO;
				GCC_NO_COMMON_BLOCKS = YES;
				GCC_OPTIMIZATION_LEVEL = 0;
				GCC_PREPROCESSOR_DEFINITIONS = (
					"DEBUG=1",
					"$(inherited)",
				);
				GCC_WARN_64_TO_32_BIT_CONVERSION = YES;
				GCC_WARN_ABOUT_RETURN_TYPE = YES_ERROR;
				GCC_WARN_UNDECLARED_SELECTOR = YES;
				GCC_WARN_UNINITIALIZED_AUTOS = YES_AGGRESSIVE;
				GCC_WARN_UNUSED_FUNCTION = YES;
				GCC_WARN_UNUSED_VARIABLE = YES;
				IPHONEOS_DEPLOYMENT_TARGET = 13.0;
				MACOSX_DEPLOYMENT_TARGET = 13.0;
				ONLY_ACTIVE_ARCH = YES;
				SDKROOT = iphoneos;
				SWIFT_ACTIVE_COMPILATION_CONDITIONS = DEBUG;
				SWIFT_OPTIMIZATION_LEVEL = "-Onone";
				SWIFT_VERSION = 5.0;
				VERSIONING_SYSTEM = "apple-generic";
				VERSION_INFO_PREFIX = "";
			};
			name = Debug;
		};
		F326F86621AEEEC200B60098 /* Release */ = {
			isa = XCBuildConfiguration;
			buildSettings = {
				ALWAYS_SEARCH_USER_PATHS = NO;
				CLANG_ANALYZER_NONNULL = YES;
				CLANG_ANALYZER_NUMBER_OBJECT_CONVERSION = YES_AGGRESSIVE;
				CLANG_CXX_LANGUAGE_STANDARD = "gnu++14";
				CLANG_ENABLE_MODULES = YES;
				CLANG_ENABLE_OBJC_ARC = YES;
				CLANG_ENABLE_OBJC_WEAK = YES;
				CLANG_WARN_BLOCK_CAPTURE_AUTORELEASING = YES;
				CLANG_WARN_BOOL_CONVERSION = YES;
				CLANG_WARN_COMMA = YES;
				CLANG_WARN_CONSTANT_CONVERSION = YES;
				CLANG_WARN_DEPRECATED_OBJC_IMPLEMENTATIONS = YES;
				CLANG_WARN_DIRECT_OBJC_ISA_USAGE = YES_ERROR;
				CLANG_WARN_DOCUMENTATION_COMMENTS = YES;
				CLANG_WARN_EMPTY_BODY = YES;
				CLANG_WARN_ENUM_CONVERSION = YES;
				CLANG_WARN_INFINITE_RECURSION = YES;
				CLANG_WARN_INT_CONVERSION = YES;
				CLANG_WARN_NON_LITERAL_NULL_CONVERSION = YES;
				CLANG_WARN_OBJC_IMPLICIT_RETAIN_SELF = YES;
				CLANG_WARN_OBJC_LITERAL_CONVERSION = YES;
				CLANG_WARN_OBJC_ROOT_CLASS = YES_ERROR;
				CLANG_WARN_QUOTED_INCLUDE_IN_FRAMEWORK_HEADER = YES;
				CLANG_WARN_RANGE_LOOP_ANALYSIS = YES;
				CLANG_WARN_STRICT_PROTOTYPES = YES;
				CLANG_WARN_SUSPICIOUS_MOVE = YES;
				CLANG_WARN_UNGUARDED_AVAILABILITY = YES_AGGRESSIVE;
				CLANG_WARN_UNREACHABLE_CODE = YES;
				CLANG_WARN__DUPLICATE_METHOD_MATCH = YES;
				CODE_SIGN_IDENTITY = "iPhone Developer";
				COPY_PHASE_STRIP = NO;
				CURRENT_PROJECT_VERSION = 1;
				DEBUG_INFORMATION_FORMAT = "dwarf-with-dsym";
				ENABLE_NS_ASSERTIONS = NO;
				ENABLE_STRICT_OBJC_MSGSEND = YES;
				GCC_C_LANGUAGE_STANDARD = gnu11;
				GCC_NO_COMMON_BLOCKS = YES;
				GCC_WARN_64_TO_32_BIT_CONVERSION = YES;
				GCC_WARN_ABOUT_RETURN_TYPE = YES_ERROR;
				GCC_WARN_UNDECLARED_SELECTOR = YES;
				GCC_WARN_UNINITIALIZED_AUTOS = YES_AGGRESSIVE;
				GCC_WARN_UNUSED_FUNCTION = YES;
				GCC_WARN_UNUSED_VARIABLE = YES;
				IPHONEOS_DEPLOYMENT_TARGET = 13.0;
				MACOSX_DEPLOYMENT_TARGET = 13.0;
				SDKROOT = iphoneos;
				SWIFT_COMPILATION_MODE = wholemodule;
				SWIFT_OPTIMIZATION_LEVEL = "-O";
				SWIFT_VERSION = 5.0;
				VALIDATE_PRODUCT = YES;
				VERSIONING_SYSTEM = "apple-generic";
				VERSION_INFO_PREFIX = "";
			};
			name = Release;
		};
		F326F86821AEEEC200B60098 /* Debug */ = {
			isa = XCBuildConfiguration;
			buildSettings = {
				BUILD_LIBRARY_FOR_DISTRIBUTION = YES;
				DEFINES_MODULE = YES;
				DYLIB_COMPATIBILITY_VERSION = 1;
				DYLIB_CURRENT_VERSION = 1;
				DYLIB_INSTALL_NAME_BASE = "@rpath";
				INFOPLIST_FILE = FModAPI/Info.plist;
				INSTALL_PATH = "$(LOCAL_LIBRARY_DIR)/Frameworks";
				IPHONEOS_DEPLOYMENT_TARGET = 11.0;
				LD_RUNPATH_SEARCH_PATHS = (
					"$(inherited)",
					"@executable_path/Frameworks",
					"@loader_path/Frameworks",
				);
				LIBRARY_SEARCH_PATHS = (
					"$(inherited)",
					"$(PROJECT_DIR)/FModAPI/iOSAPI/lib",
				);
				MACOSX_DEPLOYMENT_TARGET = 11.0;
				PRODUCT_BUNDLE_IDENTIFIER = com.joker.OrzFMod;
				PRODUCT_NAME = "$(TARGET_NAME:c99extidentifier)";
				SKIP_INSTALL = NO;
				SUPPORTED_PLATFORMS = "iphoneos iphonesimulator";
				SUPPORTS_MACCATALYST = NO;
				SUPPORTS_MAC_DESIGNED_FOR_IPHONE_IPAD = NO;
				TARGETED_DEVICE_FAMILY = "1,2";
			};
			name = Debug;
		};
		F326F86921AEEEC200B60098 /* Release */ = {
			isa = XCBuildConfiguration;
			buildSettings = {
				BUILD_LIBRARY_FOR_DISTRIBUTION = YES;
				DEFINES_MODULE = YES;
				DYLIB_COMPATIBILITY_VERSION = 1;
				DYLIB_CURRENT_VERSION = 1;
				DYLIB_INSTALL_NAME_BASE = "@rpath";
				INFOPLIST_FILE = FModAPI/Info.plist;
				INSTALL_PATH = "$(LOCAL_LIBRARY_DIR)/Frameworks";
				IPHONEOS_DEPLOYMENT_TARGET = 11.0;
				LD_RUNPATH_SEARCH_PATHS = (
					"$(inherited)",
					"@executable_path/Frameworks",
					"@loader_path/Frameworks",
				);
				LIBRARY_SEARCH_PATHS = (
					"$(inherited)",
					"$(PROJECT_DIR)/FModAPI/iOSAPI/lib",
				);
				MACOSX_DEPLOYMENT_TARGET = 11.0;
				PRODUCT_BUNDLE_IDENTIFIER = com.joker.OrzFMod;
				PRODUCT_NAME = "$(TARGET_NAME:c99extidentifier)";
				SKIP_INSTALL = NO;
				SUPPORTED_PLATFORMS = "iphoneos iphonesimulator";
				SUPPORTS_MACCATALYST = NO;
				SUPPORTS_MAC_DESIGNED_FOR_IPHONE_IPAD = NO;
				TARGETED_DEVICE_FAMILY = "1,2";
			};
			name = Release;
		};
		F326F8CC21AEF15A00B60098 /* Debug */ = {
			isa = XCBuildConfiguration;
			buildSettings = {
				ASSETCATALOG_COMPILER_APPICON_NAME = AppIcon;
				ASSETCATALOG_COMPILER_INCLUDE_ALL_APPICON_ASSETS = YES;
				CLANG_ENABLE_MODULES = YES;
				DEVELOPMENT_TEAM = 2N62934Y28;
				INFOPLIST_FILE = FModDemo/Info.plist;
				IPHONEOS_DEPLOYMENT_TARGET = 13.0;
				LD_RUNPATH_SEARCH_PATHS = (
					"$(inherited)",
					"@executable_path/Frameworks",
				);
				PRODUCT_BUNDLE_IDENTIFIER = com.joker.OrzPlayer;
				PRODUCT_NAME = "$(TARGET_NAME)";
				SUPPORTED_PLATFORMS = "iphoneos iphonesimulator";
				SUPPORTS_MACCATALYST = NO;
				SUPPORTS_MAC_DESIGNED_FOR_IPHONE_IPAD = NO;
				SWIFT_OPTIMIZATION_LEVEL = "-Onone";
				SWIFT_VERSION = 5.0;
				TARGETED_DEVICE_FAMILY = "1,2";
			};
			name = Debug;
		};
		F326F8CD21AEF15A00B60098 /* Release */ = {
			isa = XCBuildConfiguration;
			buildSettings = {
				ASSETCATALOG_COMPILER_APPICON_NAME = AppIcon;
				ASSETCATALOG_COMPILER_INCLUDE_ALL_APPICON_ASSETS = YES;
				CLANG_ENABLE_MODULES = YES;
				DEVELOPMENT_TEAM = 2N62934Y28;
				EXCLUDED_ARCHS = "";
				INFOPLIST_FILE = FModDemo/Info.plist;
				IPHONEOS_DEPLOYMENT_TARGET = 13.0;
				LD_RUNPATH_SEARCH_PATHS = (
					"$(inherited)",
					"@executable_path/Frameworks",
				);
				PRODUCT_BUNDLE_IDENTIFIER = com.joker.OrzPlayer;
				PRODUCT_NAME = "$(TARGET_NAME)";
				SUPPORTED_PLATFORMS = "iphoneos iphonesimulator";
				SUPPORTS_MACCATALYST = NO;
				SUPPORTS_MAC_DESIGNED_FOR_IPHONE_IPAD = NO;
				SWIFT_VERSION = 5.0;
				TARGETED_DEVICE_FAMILY = "1,2";
			};
			name = Release;
		};
/* End XCBuildConfiguration section */

/* Begin XCConfigurationList section */
		F326F84D21AEEEC200B60098 /* Build configuration list for PBXProject "OrzFMod" */ = {
			isa = XCConfigurationList;
			buildConfigurations = (
				F326F86521AEEEC200B60098 /* Debug */,
				F326F86621AEEEC200B60098 /* Release */,
			);
			defaultConfigurationIsVisible = 0;
			defaultConfigurationName = Release;
		};
		F326F86721AEEEC200B60098 /* Build configuration list for PBXNativeTarget "FModAPI" */ = {
			isa = XCConfigurationList;
			buildConfigurations = (
				F326F86821AEEEC200B60098 /* Debug */,
				F326F86921AEEEC200B60098 /* Release */,
			);
			defaultConfigurationIsVisible = 0;
			defaultConfigurationName = Release;
		};
		F326F8CB21AEF15A00B60098 /* Build configuration list for PBXNativeTarget "FModDemo" */ = {
			isa = XCConfigurationList;
			buildConfigurations = (
				F326F8CC21AEF15A00B60098 /* Debug */,
				F326F8CD21AEF15A00B60098 /* Release */,
			);
			defaultConfigurationIsVisible = 0;
			defaultConfigurationName = Release;
		};
/* End XCConfigurationList section */

/* Begin XCRemoteSwiftPackageReference section */
		F33C382F26908F0F008E6FC4 /* XCRemoteSwiftPackageReference "SnapKit" */ = {
			isa = XCRemoteSwiftPackageReference;
			repositoryURL = "https://github.com/SnapKit/SnapKit.git";
			requirement = {
				kind = upToNextMajorVersion;
				minimumVersion = 5.0.0;
			};
		};
/* End XCRemoteSwiftPackageReference section */

/* Begin XCSwiftPackageProductDependency section */
		F35D5BF129E5CDB800906A94 /* SnapKit */ = {
			isa = XCSwiftPackageProductDependency;
			package = F33C382F26908F0F008E6FC4 /* XCRemoteSwiftPackageReference "SnapKit" */;
			productName = SnapKit;
		};
/* End XCSwiftPackageProductDependency section */
	};
	rootObject = F326F84A21AEEEC200B60098 /* Project object */;
}
