{
  "pins" : [
    {
      "identity" : "orzfmod",
      "kind" : "remoteSourceControl",
      "location" : "https://github.com/OrzGeeker/OrzFMod.git",
      "state" : {
        "revision" : "ae5f42799294c7bb886f02516dae787b793e488b",
        "version" : "0.0.1"
      }
    },
    {
      "identity" : "snapkit",
      "kind" : "remoteSourceControl",
      "location" : "https://github.com/SnapKit/SnapKit.git",
      "state" : {
        "revision" : "f222cbdf325885926566172f6f5f06af95473158",
        "version" : "5.6.0"
      }
    }
  ],
  "version" : 2
}
